
Microsoft Visual Studio Solution File, Format Version 12.00
# Visual Studio Version 17
VisualStudioVersion = 17.3.32825.248
MinimumVisualStudioVersion = 10.0.40219.1
Project("{FAE04EC0-301F-11D3-BF4B-00C04F79EFBC}") = "b16", "b16\b16.csproj", "{5523B8BB-D59D-4D3D-B7CB-E73DD35F188A}"
EndProject
Global
	GlobalSection(SolutionConfigurationPlatforms) = preSolution
		Debug|Any CPU = Debug|Any CPU
		Release|Any CPU = Release|Any CPU
	EndGlobalSection
	GlobalSection(ProjectConfigurationPlatforms) = postSolution
		{5523B8BB-D59D-4D3D-B7CB-E73DD35F188A}.Debug|Any CPU.ActiveCfg = Debug|Any CPU
		{5523B8BB-D59D-4D3D-B7CB-E73DD35F188A}.Debug|Any CPU.Build.0 = Debug|Any CPU
		{5523B8BB-D59D-4D3D-B7CB-E73DD35F188A}.Release|Any CPU.ActiveCfg = Release|Any CPU
		{5523B8BB-D59D-4D3D-B7CB-E73DD35F188A}.Release|Any CPU.Build.0 = Release|Any CPU
	EndGlobalSection
	GlobalSection(SolutionProperties) = preSolution
		HideSolutionNode = FALSE
	EndGlobalSection
	GlobalSection(ExtensibilityGlobals) = postSolution
		SolutionGuid = {6F1DA658-68D6-4E33-8B0B-D0EFAB72CE79}
	EndGlobalSection
EndGlobal
